Microsoft Visual Studio Solution File, Format Version 12.00
# Visual Studio 2012
Project("{FAE04EC0-301F-11D3-BF4B-00C04F79EFBC}") = "NESW", "NESW.csproj", "{551773B4-AD76-4E0D-BDD8-0BAB7AC5454D}"
EndProject
Global
	GlobalSection(SolutionConfigurationPlatforms) = preSolution
	Debug|Any CPU = Debug|Any CPU
	ExportDebug|Any CPU = ExportDebug|Any CPU
	ExportRelease|Any CPU = ExportRelease|Any CPU
	EndGlobalSection
	GlobalSection(ProjectConfigurationPlatforms) = postSolution
		{551773B4-AD76-4E0D-BDD8-0BAB7AC5454D}.Debug|Any CPU.ActiveCfg = Debug|Any CPU
		{551773B4-AD76-4E0D-BDD8-0BAB7AC5454D}.Debug|Any CPU.Build.0 = Debug|Any CPU
		{551773B4-AD76-4E0D-BDD8-0BAB7AC5454D}.ExportDebug|Any CPU.ActiveCfg = ExportDebug|Any CPU
		{551773B4-AD76-4E0D-BDD8-0BAB7AC5454D}.ExportDebug|Any CPU.Build.0 = ExportDebug|Any CPU
		{551773B4-AD76-4E0D-BDD8-0BAB7AC5454D}.ExportRelease|Any CPU.ActiveCfg = ExportRelease|Any CPU
		{551773B4-AD76-4E0D-BDD8-0BAB7AC5454D}.ExportRelease|Any CPU.Build.0 = ExportRelease|Any CPU
	EndGlobalSection
EndGlobal
